// !$*UTF8*$!
{
	archiveVersion = 1;
	classes = {
	};
	objectVersion = 56;
	objects = {

/* Begin PBXBuildFile section */
		F24626ED2C7D801900566E3A /* HelloObjectDetectionApp.swift in Sources */ = {isa = PBXBuildFile; fileRef = F24626EC2C7D801900566E3A /* HelloObjectDetectionApp.swift */; };
		F24626EF2C7D801900566E3A /* ContentView.swift in Sources */ = {isa = PBXBuildFile; fileRef = F24626EE2C7D801900566E3A /* ContentView.swift */; };
		F24626F12C7D801A00566E3A /* Assets.xcassets in Resources */ = {isa = PBXBuildFile; fileRef = F24626F02C7D801A00566E3A /* Assets.xcassets */; };
		F24626F42C7D801A00566E3A /* Preview Assets.xcassets in Resources */ = {isa = PBXBuildFile; fileRef = F24626F32C7D801A00566E3A /* Preview Assets.xcassets */; };
		F24626FB2C7D805300566E3A /* CameraManager.swift in Sources */ = {isa = PBXBuildFile; fileRef = F24626FA2C7D805300566E3A /* CameraManager.swift */; };
		F24626FD2C7D805A00566E3A /* VisionManager.swift in Sources */ = {isa = PBXBuildFile; fileRef = F24626FC2C7D805A00566E3A /* VisionManager.swift */; };
		F24627012C7D834800566E3A /* CMSampleBuffer+Extension.swift in Sources */ = {isa = PBXBuildFile; fileRef = F24627002C7D834800566E3A /* CMSampleBuffer+Extension.swift */; };
		F24627032C7D838F00566E3A /* CIImage+Extension.swift in Sources */ = {isa = PBXBuildFile; fileRef = F24627022C7D838F00566E3A /* CIImage+Extension.swift */; };
		F24627052C7D85E900566E3A /* DetectionModel.swift in Sources */ = {isa = PBXBuildFile; fileRef = F24627042C7D85E900566E3A /* DetectionModel.swift */; };
		F24627072C7D9D1500566E3A /* YOLOv3 model.mlmodel in Sources */ = {isa = PBXBuildFile; fileRef = F24627062C7D9D1500566E3A /* YOLOv3 model.mlmodel */; };
/* End PBXBuildFile section */

/* Begin PBXFileReference section */
		F24626E92C7D801900566E3A /* HelloObjectDetection.app */ = {isa = PBXFileReference; explicitFileType = wrapper.application; includeInIndex = 0; path = HelloObjectDetection.app; sourceTree = BUILT_PRODUCTS_DIR; };
		F24626EC2C7D801900566E3A /* HelloObjectDetectionApp.swift */ = {isa = PBXFileReference; lastKnownFileType = sourcecode.swift; path = HelloObjectDetectionApp.swift; sourceTree = "<group>"; };
		F24626EE2C7D801900566E3A /* ContentView.swift */ = {isa = PBXFileReference; lastKnownFileType = sourcecode.swift; path = ContentView.swift; sourceTree = "<group>"; };
		F24626F02C7D801A00566E3A /* Assets.xcassets */ = {isa = PBXFileReference; lastKnownFileType = folder.assetcatalog; path = Assets.xcassets; sourceTree = "<group>"; };
		F24626F32C7D801A00566E3A /* Preview Assets.xcassets */ = {isa = PBXFileReference; lastKnownFileType = folder.assetcatalog; path = "Preview Assets.xcassets"; sourceTree = "<group>"; };
		F24626FA2C7D805300566E3A /* CameraManager.swift */ = {isa = PBXFileReference; lastKnownFileType = sourcecode.swift; path = CameraManager.swift; sourceTree = "<group>"; };
		F24626FC2C7D805A00566E3A /* VisionManager.swift */ = {isa = PBXFileReference; lastKnownFileType = sourcecode.swift; path = VisionManager.swift; sourceTree = "<group>"; };
		F24627002C7D834800566E3A /* CMSampleBuffer+Extension.swift */ = {isa = PBXFileReference; lastKnownFileType = sourcecode.swift; path = "CMSampleBuffer+Extension.swift"; sourceTree = "<group>"; };
		F24627022C7D838F00566E3A /* CIImage+Extension.swift */ = {isa = PBXFileReference; lastKnownFileType = sourcecode.swift; path = "CIImage+Extension.swift"; sourceTree = "<group>"; };
		F24627042C7D85E900566E3A /* DetectionModel.swift */ = {isa = PBXFileReference; lastKnownFileType = sourcecode.swift; path = DetectionModel.swift; sourceTree = "<group>"; };
		F24627062C7D9D1500566E3A /* YOLOv3 model.mlmodel */ = {isa = PBXFileReference; lastKnownFileType = file.mlmodel; path = "YOLOv3 model.mlmodel"; sourceTree = "<group>"; };
/* End PBXFileReference section */

/* Begin PBXFrameworksBuildPhase section */
		F24626E62C7D801900566E3A /* Frameworks */ = {
			isa = PBXFrameworksBuildPhase;
			buildActionMask = 2147483647;
			files = (
			);
			runOnlyForDeploymentPostprocessing = 0;
		};
/* End PBXFrameworksBuildPhase section */

/* Begin PBXGroup section */
		F24626E02C7D801900566E3A = {
			isa = PBXGroup;
			children = (
				F24626EB2C7D801900566E3A /* HelloObjectDetection */,
				F24626EA2C7D801900566E3A /* Products */,
			);
			sourceTree = "<group>";
		};
		F24626EA2C7D801900566E3A /* Products */ = {
			isa = PBXGroup;
			children = (
				F24626E92C7D801900566E3A /* HelloObjectDetection.app */,
			);
			name = Products;
			sourceTree = "<group>";
		};
		F24626EB2C7D801900566E3A /* HelloObjectDetection */ = {
			isa = PBXGroup;
			children = (
				F24626EC2C7D801900566E3A /* HelloObjectDetectionApp.swift */,
				F24626EE2C7D801900566E3A /* ContentView.swift */,
				F24626F02C7D801A00566E3A /* Assets.xcassets */,
				F24626F22C7D801A00566E3A /* Preview Content */,
				F24626FA2C7D805300566E3A /* CameraManager.swift */,
				F24627042C7D85E900566E3A /* DetectionModel.swift */,
				F24627002C7D834800566E3A /* CMSampleBuffer+Extension.swift */,
				F24627022C7D838F00566E3A /* CIImage+Extension.swift */,
				F24626FC2C7D805A00566E3A /* VisionManager.swift */,
				F24627062C7D9D1500566E3A /* YOLOv3 model.mlmodel */,
			);
			path = HelloObjectDetection;
			sourceTree = "<group>";
		};
		F24626F22C7D801A00566E3A /* Preview Content */ = {
			isa = PBXGroup;
			children = (
				F24626F32C7D801A00566E3A /* Preview Assets.xcassets */,
			);
			path = "Preview Content";
			sourceTree = "<group>";
		};
/* End PBXGroup section */

/* Begin PBXNativeTarget section */
		F24626E82C7D801900566E3A /* HelloObjectDetection */ = {
			isa = PBXNativeTarget;
			buildConfigurationList = F24626F72C7D801A00566E3A /* Build configuration list for PBXNativeTarget "HelloObjectDetection" */;
			buildPhases = (
				F24626E52C7D801900566E3A /* Sources */,
				F24626E62C7D801900566E3A /* Frameworks */,
				F24626E72C7D801900566E3A /* Resources */,
			);
			buildRules = (
			);
			dependencies = (
			);
			name = HelloObjectDetection;
			productName = HelloObjectDetection;
			productReference = F24626E92C7D801900566E3A /* HelloObjectDetection.app */;
			productType = "com.apple.product-type.application";
		};
/* End PBXNativeTarget section */

/* Begin PBXProject section */
		F24626E12C7D801900566E3A /* Project object */ = {
			isa = PBXProject;
			attributes = {
				BuildIndependentTargetsInParallel = 1;
				LastSwiftUpdateCheck = 1540;
				LastUpgradeCheck = 1540;
				TargetAttributes = {
					F24626E82C7D801900566E3A = {
						CreatedOnToolsVersion = 15.4;
					};
				};
			};
			buildConfigurationList = F24626E42C7D801900566E3A /* Build configuration list for PBXProject "HelloObjectDetection" */;
			compatibilityVersion = "Xcode 14.0";
			developmentRegion = en;
			hasScannedForEncodings = 0;
			knownRegions = (
				en,
				Base,
			);
			mainGroup = F24626E02C7D801900566E3A;
			productRefGroup = F24626EA2C7D801900566E3A /* Products */;
			projectDirPath = "";
			projectRoot = "";
			targets = (
				F24626E82C7D801900566E3A /* HelloObjectDetection */,
			);
		};
/* End PBXProject section */

/* Begin PBXResourcesBuildPhase section */
		F24626E72C7D801900566E3A /* Resources */ = {
			isa = PBXResourcesBuildPhase;
			buildActionMask = 2147483647;
			files = (
				F24626F42C7D801A00566E3A /* Preview Assets.xcassets in Resources */,
				F24626F12C7D801A00566E3A /* Assets.xcassets in Resources */,
			);
			runOnlyForDeploymentPostprocessing = 0;
		};
/* End PBXResourcesBuildPhase section */

/* Begin PBXSourcesBuildPhase section */
		F24626E52C7D801900566E3A /* Sources */ = {
			isa = PBXSourcesBuildPhase;
			buildActionMask = 2147483647;
			files = (
				F24626EF2C7D801900566E3A /* ContentView.swift in Sources */,
				F24627072C7D9D1500566E3A /* YOLOv3 model.mlmodel in Sources */,
				F24626FD2C7D805A00566E3A /* VisionManager.swift in Sources */,
				F24626FB2C7D805300566E3A /* CameraManager.swift in Sources */,
				F24627032C7D838F00566E3A /* CIImage+Extension.swift in Sources */,
				F24627052C7D85E900566E3A /* DetectionModel.swift in Sources */,
				F24626ED2C7D801900566E3A /* HelloObjectDetectionApp.swift in Sources */,
				F24627012C7D834800566E3A /* CMSampleBuffer+Extension.swift in Sources */,
			);
			runOnlyForDeploymentPostprocessing = 0;
		};
/* End PBXSourcesBuildPhase section */

/* Begin XCBuildConfiguration section */
		F24626F52C7D801A00566E3A /* Debug */ = {
			isa = XCBuildConfiguration;
			buildSettings = {
				ALWAYS_SEARCH_USER_PATHS = NO;
				ASSETCATALOG_COMPILER_GENERATE_SWIFT_ASSET_SYMBOL_EXTENSIONS = YES;
				CLANG_ANALYZER_NONNULL = YES;
				CLANG_ANALYZER_NUMBER_OBJECT_CONVERSION = YES_AGGRESSIVE;
				CLANG_CXX_LANGUAGE_STANDARD = "gnu++20";
				CLANG_ENABLE_MODULES = YES;
				CLANG_ENABLE_OBJC_ARC = YES;
				CLANG_ENABLE_OBJC_WEAK = YES;
				CLANG_WARN_BLOCK_CAPTURE_AUTORELEASING = YES;
				CLANG_WARN_BOOL_CONVERSION = YES;
				CLANG_WARN_COMMA = YES;
				CLANG_WARN_CONSTANT_CONVERSION = YES;
				CLANG_WARN_DEPRECATED_OBJC_IMPLEMENTATIONS = YES;
				CLANG_WARN_DIRECT_OBJC_ISA_USAGE = YES_ERROR;
				CLANG_WARN_DOCUMENTATION_COMMENTS = YES;
				CLANG_WARN_EMPTY_BODY = YES;
				CLANG_WARN_ENUM_CONVERSION = YES;
				CLANG_WARN_INFINITE_RECURSION = YES;
				CLANG_WARN_INT_CONVERSION = YES;
				CLANG_WARN_NON_LITERAL_NULL_CONVERSION = YES;
				CLANG_WARN_OBJC_IMPLICIT_RETAIN_SELF = YES;
				CLANG_WARN_OBJC_LITERAL_CONVERSION = YES;
				CLANG_WARN_OBJC_ROOT_CLASS = YES_ERROR;
				CLANG_WARN_QUOTED_INCLUDE_IN_FRAMEWORK_HEADER = YES;
				CLANG_WARN_RANGE_LOOP_ANALYSIS = YES;
				CLANG_WARN_STRICT_PROTOTYPES = YES;
				CLANG_WARN_SUSPICIOUS_MOVE = YES;
				CLANG_WARN_UNGUARDED_AVAILABILITY = YES_AGGRESSIVE;
				CLANG_WARN_UNREACHABLE_CODE = YES;
				CLANG_WARN__DUPLICATE_METHOD_MATCH = YES;
				COPY_PHASE_STRIP = NO;
				DEBUG_INFORMATION_FORMAT = dwarf;
				ENABLE_STRICT_OBJC_MSGSEND = YES;
				ENABLE_TESTABILITY = YES;
				ENABLE_USER_SCRIPT_SANDBOXING = YES;
				GCC_C_LANGUAGE_STANDARD = gnu17;
				GCC_DYNAMIC_NO_PIC = NO;
				GCC_NO_COMMON_BLOCKS = YES;
				GCC_OPTIMIZATION_LEVEL = 0;
				GCC_PREPROCESSOR_DEFINITIONS = (
					"DEBUG=1",
					"$(inherited)",
				);
				GCC_WARN_64_TO_32_BIT_CONVERSION = YES;
				GCC_WARN_ABOUT_RETURN_TYPE = YES_ERROR;
				GCC_WARN_UNDECLARED_SELECTOR = YES;
				GCC_WARN_UNINITIALIZED_AUTOS = YES_AGGRESSIVE;
				GCC_WARN_UNUSED_FUNCTION = YES;
				GCC_WARN_UNUSED_VARIABLE = YES;
				IPHONEOS_DEPLOYMENT_TARGET = 17.5;
				LOCALIZATION_PREFERS_STRING_CATALOGS = YES;
				MTL_ENABLE_DEBUG_INFO = INCLUDE_SOURCE;
				MTL_FAST_MATH = YES;
				ONLY_ACTIVE_ARCH = YES;
				SDKROOT = iphoneos;
				SWIFT_ACTIVE_COMPILATION_CONDITIONS = "DEBUG $(inherited)";
				SWIFT_OPTIMIZATION_LEVEL = "-Onone";
			};
			name = Debug;
		};
		F24626F62C7D801A00566E3A /* Release */ = {
			isa = XCBuildConfiguration;
			buildSettings = {
				ALWAYS_SEARCH_USER_PATHS = NO;
				ASSETCATALOG_COMPILER_GENERATE_SWIFT_ASSET_SYMBOL_EXTENSIONS = YES;
				CLANG_ANALYZER_NONNULL = YES;
				CLANG_ANALYZER_NUMBER_OBJECT_CONVERSION = YES_AGGRESSIVE;
				CLANG_CXX_LANGUAGE_STANDARD = "gnu++20";
				CLANG_ENABLE_MODULES = YES;
				CLANG_ENABLE_OBJC_ARC = YES;
				CLANG_ENABLE_OBJC_WEAK = YES;
				CLANG_WARN_BLOCK_CAPTURE_AUTORELEASING = YES;
				CLANG_WARN_BOOL_CONVERSION = YES;
				CLANG_WARN_COMMA = YES;
				CLANG_WARN_CONSTANT_CONVERSION = YES;
				CLANG_WARN_DEPRECATED_OBJC_IMPLEMENTATIONS = YES;
				CLANG_WARN_DIRECT_OBJC_ISA_USAGE = YES_ERROR;
				CLANG_WARN_DOCUMENTATION_COMMENTS = YES;
				CLANG_WARN_EMPTY_BODY = YES;
				CLANG_WARN_ENUM_CONVERSION = YES;
				CLANG_WARN_INFINITE_RECURSION = YES;
				CLANG_WARN_INT_CONVERSION = YES;
				CLANG_WARN_NON_LITERAL_NULL_CONVERSION = YES;
				CLANG_WARN_OBJC_IMPLICIT_RETAIN_SELF = YES;
				CLANG_WARN_OBJC_LITERAL_CONVERSION = YES;
				CLANG_WARN_OBJC_ROOT_CLASS = YES_ERROR;
				CLANG_WARN_QUOTED_INCLUDE_IN_FRAMEWORK_HEADER = YES;
				CLANG_WARN_RANGE_LOOP_ANALYSIS = YES;
				CLANG_WARN_STRICT_PROTOTYPES = YES;
				CLANG_WARN_SUSPICIOUS_MOVE = YES;
				CLANG_WARN_UNGUARDED_AVAILABILITY = YES_AGGRESSIVE;
				CLANG_WARN_UNREACHABLE_CODE = YES;
				CLANG_WARN__DUPLICATE_METHOD_MATCH = YES;
				COPY_PHASE_STRIP = NO;
				DEBUG_INFORMATION_FORMAT = "dwarf-with-dsym";
				ENABLE_NS_ASSERTIONS = NO;
				ENABLE_STRICT_OBJC_MSGSEND = YES;
				ENABLE_USER_SCRIPT_SANDBOXING = YES;
				GCC_C_LANGUAGE_STANDARD = gnu17;
				GCC_NO_COMMON_BLOCKS = YES;
				GCC_WARN_64_TO_32_BIT_CONVERSION = YES;
				GCC_WARN_ABOUT_RETURN_TYPE = YES_ERROR;
				GCC_WARN_UNDECLARED_SELECTOR = YES;
				GCC_WARN_UNINITIALIZED_AUTOS = YES_AGGRESSIVE;
				GCC_WARN_UNUSED_FUNCTION = YES;
				GCC_WARN_UNUSED_VARIABLE = YES;
				IPHONEOS_DEPLOYMENT_TARGET = 17.5;
				LOCALIZATION_PREFERS_STRING_CATALOGS = YES;
				MTL_ENABLE_DEBUG_INFO = NO;
				MTL_FAST_MATH = YES;
				SDKROOT = iphoneos;
				SWIFT_COMPILATION_MODE = wholemodule;
				VALIDATE_PRODUCT = YES;
			};
			name = Release;
		};
		F24626F82C7D801A00566E3A /* Debug */ = {
			isa = XCBuildConfiguration;
			buildSettings = {
				ASSETCATALOG_COMPILER_APPICON_NAME = AppIcon;
				ASSETCATALOG_COMPILER_GLOBAL_ACCENT_COLOR_NAME = AccentColor;
				CODE_SIGN_STYLE = Automatic;
				CURRENT_PROJECT_VERSION = 1;
				DEVELOPMENT_ASSET_PATHS = "\"HelloObjectDetection/Preview Content\"";
				DEVELOPMENT_TEAM = ZZ96SLZRY4;
				ENABLE_PREVIEWS = YES;
				GENERATE_INFOPLIST_FILE = YES;
				INFOPLIST_KEY_NSCameraUsageDescription = "This app captures live feed to detect objects ";
				INFOPLIST_KEY_UIApplicationSceneManifest_Generation = YES;
				INFOPLIST_KEY_UIApplicationSupportsIndirectInputEvents = YES;
				INFOPLIST_KEY_UILaunchScreen_Generation = YES;
				INFOPLIST_KEY_UISupportedInterfaceOrientations_iPad = "UIInterfaceOrientationPortrait UIInterfaceOrientationPortraitUpsideDown UIInterfaceOrientationLandscapeLeft UIInterfaceOrientationLandscapeRight";
				INFOPLIST_KEY_UISupportedInterfaceOrientations_iPhone = "UIInterfaceOrientationPortrait UIInterfaceOrientationLandscapeLeft UIInterfaceOrientationLandscapeRight";
				LD_RUNPATH_SEARCH_PATHS = (
					"$(inherited)",
					"@executable_path/Frameworks",
				);
				MARKETING_VERSION = 1.0;
				PRODUCT_BUNDLE_IDENTIFIER = com.pawandeeps.HelloAR;
				PRODUCT_NAME = "$(TARGET_NAME)";
				SWIFT_EMIT_LOC_STRINGS = YES;
				SWIFT_VERSION = 5.0;
				TARGETED_DEVICE_FAMILY = "1,2";
			};
			name = Debug;
		};
		F24626F92C7D801A00566E3A /* Release */ = {
			isa = XCBuildConfiguration;
			buildSettings = {
				ASSETCATALOG_COMPILER_APPICON_NAME = AppIcon;
				ASSETCATALOG_COMPILER_GLOBAL_ACCENT_COLOR_NAME = AccentColor;
				CODE_SIGN_STYLE = Automatic;
				CURRENT_PROJECT_VERSION = 1;
				DEVELOPMENT_ASSET_PATHS = "\"HelloObjectDetection/Preview Content\"";
				DEVELOPMENT_TEAM = ZZ96SLZRY4;
				ENABLE_PREVIEWS = YES;
				GENERATE_INFOPLIST_FILE = YES;
				INFOPLIST_KEY_NSCameraUsageDescription = "This app captures live feed to detect objects ";
				INFOPLIST_KEY_UIApplicationSceneManifest_Generation = YES;
				INFOPLIST_KEY_UIApplicationSupportsIndirectInputEvents = YES;
				INFOPLIST_KEY_UILaunchScreen_Generation = YES;
				INFOPLIST_KEY_UISupportedInterfaceOrientations_iPad = "UIInterfaceOrientationPortrait UIInterfaceOrientationPortraitUpsideDown UIInterfaceOrientationLandscapeLeft UIInterfaceOrientationLandscapeRight";
				INFOPLIST_KEY_UISupportedInterfaceOrientations_iPhone = "UIInterfaceOrientationPortrait UIInterfaceOrientationLandscapeLeft UIInterfaceOrientationLandscapeRight";
				LD_RUNPATH_SEARCH_PATHS = (
					"$(inherited)",
					"@executable_path/Frameworks",
				);
				MARKETING_VERSION = 1.0;
				PRODUCT_BUNDLE_IDENTIFIER = com.pawandeeps.HelloAR;
				PRODUCT_NAME = "$(TARGET_NAME)";
				SWIFT_EMIT_LOC_STRINGS = YES;
				SWIFT_VERSION = 5.0;
				TARGETED_DEVICE_FAMILY = "1,2";
			};
			name = Release;
		};
/* End XCBuildConfiguration section */

/* Begin XCConfigurationList section */
		F24626E42C7D801900566E3A /* Build configuration list for PBXProject "HelloObjectDetection" */ = {
			isa = XCConfigurationList;
			buildConfigurations = (
				F24626F52C7D801A00566E3A /* Debug */,
				F24626F62C7D801A00566E3A /* Release */,
			);
			defaultConfigurationIsVisible = 0;
			defaultConfigurationName = Release;
		};
		F24626F72C7D801A00566E3A /* Build configuration list for PBXNativeTarget "HelloObjectDetection" */ = {
			isa = XCConfigurationList;
			buildConfigurations = (
				F24626F82C7D801A00566E3A /* Debug */,
				F24626F92C7D801A00566E3A /* Release */,
			);
			defaultConfigurationIsVisible = 0;
			defaultConfigurationName = Release;
		};
/* End XCConfigurationList section */
	};
	rootObject = F24626E12C7D801900566E3A /* Project object */;
}
